// !$*UTF8*$!
{
	archiveVersion = 1;
	classes = {
	};
	objectVersion = 46;
	objects = {

/* Begin PBXBuildFile section */
		422ABB521B106E1B00D37276 /* Foundation.framework in Frameworks */ = {isa = PBXBuildFile; fileRef = 422ABB511B106E1A00D37276 /* Foundation.framework */; };
		422ABB541B106E1B00D37276 /* CoreGraphics.framework in Frameworks */ = {isa = PBXBuildFile; fileRef = 422ABB531B106E1B00D37276 /* CoreGraphics.framework */; };
		422ABB561B106E1B00D37276 /* UIKit.framework in Frameworks */ = {isa = PBXBuildFile; fileRef = 422ABB551B106E1B00D37276 /* UIKit.framework */; };
		422ABB5C1B106E1C00D37276 /* InfoPlist.strings in Resources */ = {isa = PBXBuildFile; fileRef = 422ABB5A1B106E1C00D37276 /* InfoPlist.strings */; };
		422ABB5E1B106E1C00D37276 /* main.m in Sources */ = {isa = PBXBuildFile; fileRef = 422ABB5D1B106E1C00D37276 /* main.m */; };
		422ABB621B106E1C00D37276 /* AppDelegate.m in Sources */ = {isa = PBXBuildFile; fileRef = 422ABB611B106E1C00D37276 /* AppDelegate.m */; };
		422ABB651B106E1C00D37276 /* Main.storyboard in Resources */ = {isa = PBXBuildFile; fileRef = 422ABB631B106E1C00D37276 /* Main.storyboard */; };
		422ABB681B106E1C00D37276 /* ViewController.m in Sources */ = {isa = PBXBuildFile; fileRef = 422ABB671B106E1C00D37276 /* ViewController.m */; };
		422ABB711B106E1C00D37276 /* XCTest.framework in Frameworks */ = {isa = PBXBuildFile; fileRef = 422ABB701B106E1C00D37276 /* XCTest.framework */; };
		422ABB721B106E1C00D37276 /* Foundation.framework in Frameworks */ = {isa = PBXBuildFile; fileRef = 422ABB511B106E1A00D37276 /* Foundation.framework */; };
		422ABB731B106E1C00D37276 /* UIKit.framework in Frameworks */ = {isa = PBXBuildFile; fileRef = 422ABB551B106E1B00D37276 /* UIKit.framework */; };
		422ABB7B1B106E1D00D37276 /* InfoPlist.strings in Resources */ = {isa = PBXBuildFile; fileRef = 422ABB791B106E1D00D37276 /* InfoPlist.strings */; };
		422ABB7D1B106E1D00D37276 /* NewCandySearchTests.m in Sources */ = {isa = PBXBuildFile; fileRef = 422ABB7C1B106E1D00D37276 /* NewCandySearchTests.m */; };
		BFDD84571B2134B70029A775 /* Course.m in Sources */ = {isa = PBXBuildFile; fileRef = BFDD84561B2134B70029A775 /* Course.m */; };
		BFDD84591B2134CD0029A775 /* DetailViewController.m in Sources */ = {isa = PBXBuildFile; fileRef = BFDD84581B2134CD0029A775 /* DetailViewController.m */; };
		BFDD845C1B2134E40029A775 /* Images.xcassets in Resources */ = {isa = PBXBuildFile; fileRef = BFDD845B1B2134E40029A775 /* Images.xcassets */; };
		BFDD845E1B21351E0029A775 /* SelfCell.m in Sources */ = {isa = PBXBuildFile; fileRef = BFDD845D1B21351E0029A775 /* SelfCell.m */; };
/* End PBXBuildFile section */

/* Begin PBXContainerItemProxy section */
		422ABB741B106E1C00D37276 /* PBXContainerItemProxy */ = {
			isa = PBXContainerItemProxy;
			containerPortal = 422ABB461B106E1900D37276 /* Project object */;
			proxyType = 1;
			remoteGlobalIDString = 422ABB4D1B106E1A00D37276;
			remoteInfo = NewCandySearch;
		};
/* End PBXContainerItemProxy section */

/* Begin PBXFileReference section */
		422ABB4E1B106E1A00D37276 /* NewCandySearch.app */ = {isa = PBXFileReference; explicitFileType = wrapper.application; includeInIndex = 0; path = NewCandySearch.app; sourceTree = BUILT_PRODUCTS_DIR; };
		422ABB511B106E1A00D37276 /* Foundation.framework */ = {isa = PBXFileReference; lastKnownFileType = wrapper.framework; name = Foundation.framework; path = System/Library/Frameworks/Foundation.framework; sourceTree = SDKROOT; };
		422ABB531B106E1B00D37276 /* CoreGraphics.framework */ = {isa = PBXFileReference; lastKnownFileType = wrapper.framework; name = CoreGraphics.framework; path = System/Library/Frameworks/CoreGraphics.framework; sourceTree = SDKROOT; };
		422ABB551B106E1B00D37276 /* UIKit.framework */ = {isa = PBXFileReference; lastKnownFileType = wrapper.framework; name = UIKit.framework; path = System/Library/Frameworks/UIKit.framework; sourceTree = SDKROOT; };
		422ABB591B106E1C00D37276 /* NewCandySearch-Info.plist */ = {isa = PBXFileReference; lastKnownFileType = text.plist.xml; path = "NewCandySearch-Info.plist"; sourceTree = "<group>"; };
		422ABB5B1B106E1C00D37276 /* en */ = {isa = PBXFileReference; lastKnownFileType = text.plist.strings; name = en; path = en.lproj/InfoPlist.strings; sourceTree = "<group>"; };
		422ABB5D1B106E1C00D37276 /* main.m */ = {isa = PBXFileReference; lastKnownFileType = sourcecode.c.objc; path = main.m; sourceTree = "<group>"; };
		422ABB5F1B106E1C00D37276 /* NewCandySearch-Prefix.pch */ = {isa = PBXFileReference; lastKnownFileType = sourcecode.c.h; path = "NewCandySearch-Prefix.pch"; sourceTree = "<group>"; };
		422ABB601B106E1C00D37276 /* AppDelegate.h */ = {isa = PBXFileReference; lastKnownFileType = sourcecode.c.h; path = AppDelegate.h; sourceTree = "<group>"; };
		422ABB611B106E1C00D37276 /* AppDelegate.m */ = {isa = PBXFileReference; lastKnownFileType = sourcecode.c.objc; path = AppDelegate.m; sourceTree = "<group>"; };
		422ABB641B106E1C00D37276 /* Base */ = {isa = PBXFileReference; lastKnownFileType = file.storyboard; name = Base; path = Base.lproj/Main.storyboard; sourceTree = "<group>"; };
		422ABB661B106E1C00D37276 /* ViewController.h */ = {isa = PBXFileReference; lastKnownFileType = sourcecode.c.h; path = ViewController.h; sourceTree = "<group>"; };
		422ABB671B106E1C00D37276 /* ViewController.m */ = {isa = PBXFileReference; lastKnownFileType = sourcecode.c.objc; path = ViewController.m; sourceTree = "<group>"; };
		422ABB6F1B106E1C00D37276 /* NewCandySearchTests.xctest */ = {isa = PBXFileReference; explicitFileType = wrapper.cfbundle; includeInIndex = 0; path = NewCandySearchTests.xctest; sourceTree = BUILT_PRODUCTS_DIR; };
		422ABB701B106E1C00D37276 /* XCTest.framework */ = {isa = PBXFileReference; lastKnownFileType = wrapper.framework; name = XCTest.framework; path = Library/Frameworks/XCTest.framework; sourceTree = DEVELOPER_DIR; };
		422ABB781B106E1D00D37276 /* NewCandySearchTests-Info.plist */ = {isa = PBXFileReference; lastKnownFileType = text.plist.xml; path = "NewCandySearchTests-Info.plist"; sourceTree = "<group>"; };
		422ABB7A1B106E1D00D37276 /* en */ = {isa = PBXFileReference; lastKnownFileType = text.plist.strings; name = en; path = en.lproj/InfoPlist.strings; sourceTree = "<group>"; };
		422ABB7C1B106E1D00D37276 /* NewCandySearchTests.m */ = {isa = PBXFileReference; lastKnownFileType = sourcecode.c.objc; path = NewCandySearchTests.m; sourceTree = "<group>"; };
		BFDD84551B2134B00029A775 /* Course.h */ = {isa = PBXFileReference; lastKnownFileType = sourcecode.c.h; path = Course.h; sourceTree = "<group>"; };
		BFDD84561B2134B70029A775 /* Course.m */ = {isa = PBXFileReference; fileEncoding = 4; lastKnownFileType = sourcecode.c.objc; path = Course.m; sourceTree = "<group>"; };
		BFDD84581B2134CD0029A775 /* DetailViewController.m */ = {isa = PBXFileReference; fileEncoding = 4; lastKnownFileType = sourcecode.c.objc; path = DetailViewController.m; sourceTree = "<group>"; };
		BFDD845A1B2134D00029A775 /* DetailViewController.h */ = {isa = PBXFileReference; lastKnownFileType = sourcecode.c.h; path = DetailViewController.h; sourceTree = "<group>"; };
		BFDD845B1B2134E40029A775 /* Images.xcassets */ = {isa = PBXFileReference; lastKnownFileType = folder.assetcatalog; path = Images.xcassets; sourceTree = "<group>"; };
		BFDD845D1B21351E0029A775 /* SelfCell.m */ = {isa = PBXFileReference; fileEncoding = 4; lastKnownFileType = sourcecode.c.objc; path = SelfCell.m; sourceTree = "<group>"; };
		BFDD845F1B2135390029A775 /* SelfCell.h */ = {isa = PBXFileReference; lastKnownFileType = sourcecode.c.h; path = SelfCell.h; sourceTree = "<group>"; };
/* End PBXFileReference section */

/* Begin PBXFrameworksBuildPhase section */
		422ABB4B1B106E1A00D37276 /* Frameworks */ = {
			isa = PBXFrameworksBuildPhase;
			buildActionMask = 2147483647;
			files = (
				422ABB541B106E1B00D37276 /* CoreGraphics.framework in Frameworks */,
				422ABB561B106E1B00D37276 /* UIKit.framework in Frameworks */,
				422ABB521B106E1B00D37276 /* Foundation.framework in Frameworks */,
			);
			runOnlyForDeploymentPostprocessing = 0;
		};
		422ABB6C1B106E1C00D37276 /* Frameworks */ = {
			isa = PBXFrameworksBuildPhase;
			buildActionMask = 2147483647;
			files = (
				422ABB711B106E1C00D37276 /* XCTest.framework in Frameworks */,
				422ABB731B106E1C00D37276 /* UIKit.framework in Frameworks */,
				422ABB721B106E1C00D37276 /* Foundation.framework in Frameworks */,
			);
			runOnlyForDeploymentPostprocessing = 0;
		};
/* End PBXFrameworksBuildPhase section */

/* Begin PBXGroup section */
		422ABB451B106E1900D37276 = {
			isa = PBXGroup;
			children = (
				BFDD845F1B2135390029A775 /* SelfCell.h */,
				BFDD845D1B21351E0029A775 /* SelfCell.m */,
				422ABB571B106E1B00D37276 /* NewCandySearch */,
				422ABB761B106E1C00D37276 /* NewCandySearchTests */,
				422ABB501B106E1A00D37276 /* Frameworks */,
				422ABB4F1B106E1A00D37276 /* Products */,
			);
			sourceTree = "<group>";
		};
		422ABB4F1B106E1A00D37276 /* Products */ = {
			isa = PBXGroup;
			children = (
				422ABB4E1B106E1A00D37276 /* NewCandySearch.app */,
				422ABB6F1B106E1C00D37276 /* NewCandySearchTests.xctest */,
			);
			name = Products;
			sourceTree = "<group>";
		};
		422ABB501B106E1A00D37276 /* Frameworks */ = {
			isa = PBXGroup;
			children = (
				422ABB511B106E1A00D37276 /* Foundation.framework */,
				422ABB531B106E1B00D37276 /* CoreGraphics.framework */,
				422ABB551B106E1B00D37276 /* UIKit.framework */,
				422ABB701B106E1C00D37276 /* XCTest.framework */,
			);
			name = Frameworks;
			sourceTree = "<group>";
		};
		422ABB571B106E1B00D37276 /* NewCandySearch */ = {
			isa = PBXGroup;
			children = (
				BFDD845A1B2134D00029A775 /* DetailViewController.h */,
				BFDD84581B2134CD0029A775 /* DetailViewController.m */,
				BFDD84551B2134B00029A775 /* Course.h */,
				BFDD84561B2134B70029A775 /* Course.m */,
				BFDD845B1B2134E40029A775 /* Images.xcassets */,
				422ABB601B106E1C00D37276 /* AppDelegate.h */,
				422ABB611B106E1C00D37276 /* AppDelegate.m */,
				422ABB631B106E1C00D37276 /* Main.storyboard */,
				422ABB661B106E1C00D37276 /* ViewController.h */,
				422ABB671B106E1C00D37276 /* ViewController.m */,
				422ABB581B106E1C00D37276 /* Supporting Files */,
			);
			path = NewCandySearch;
			sourceTree = "<group>";
		};
		422ABB581B106E1C00D37276 /* Supporting Files */ = {
			isa = PBXGroup;
			children = (
				422ABB591B106E1C00D37276 /* NewCandySearch-Info.plist */,
				422ABB5A1B106E1C00D37276 /* InfoPlist.strings */,
				422ABB5D1B106E1C00D37276 /* main.m */,
				422ABB5F1B106E1C00D37276 /* NewCandySearch-Prefix.pch */,
			);
			name = "Supporting Files";
			sourceTree = "<group>";
		};
		422ABB761B106E1C00D37276 /* NewCandySearchTests */ = {
			isa = PBXGroup;
			children = (
				422ABB7C1B106E1D00D37276 /* NewCandySearchTests.m */,
				422ABB771B106E1D00D37276 /* Supporting Files */,
			);
			path = NewCandySearchTests;
			sourceTree = "<group>";
		};
		422ABB771B106E1D00D37276 /* Supporting Files */ = {
			isa = PBXGroup;
			children = (
				422ABB781B106E1D00D37276 /* NewCandySearchTests-Info.plist */,
				422ABB791B106E1D00D37276 /* InfoPlist.strings */,
			);
			name = "Supporting Files";
			sourceTree = "<group>";
		};
/* End PBXGroup section */

/* Begin PBXNativeTarget section */
		422ABB4D1B106E1A00D37276 /* NewCandySearch */ = {
			isa = PBXNativeTarget;
			buildConfigurationList = 422ABB801B106E1D00D37276 /* Build configuration list for PBXNativeTarget "NewCandySearch" */;
			buildPhases = (
				422ABB4A1B106E1A00D37276 /* Sources */,
				422ABB4B1B106E1A00D37276 /* Frameworks */,
				422ABB4C1B106E1A00D37276 /* Resources */,
			);
			buildRules = (
			);
			dependencies = (
			);
			name = NewCandySearch;
			productName = NewCandySearch;
			productReference = 422ABB4E1B106E1A00D37276 /* NewCandySearch.app */;
			productType = "com.apple.product-type.application";
		};
		422ABB6E1B106E1C00D37276 /* NewCandySearchTests */ = {
			isa = PBXNativeTarget;
			buildConfigurationList = 422ABB831B106E1D00D37276 /* Build configuration list for PBXNativeTarget "NewCandySearchTests" */;
			buildPhases = (
				422ABB6B1B106E1C00D37276 /* Sources */,
				422ABB6C1B106E1C00D37276 /* Frameworks */,
				422ABB6D1B106E1C00D37276 /* Resources */,
			);
			buildRules = (
			);
			dependencies = (
				422ABB751B106E1C00D37276 /* PBXTargetDependency */,
			);
			name = NewCandySearchTests;
			productName = NewCandySearchTests;
			productReference = 422ABB6F1B106E1C00D37276 /* NewCandySearchTests.xctest */;
			productType = "com.apple.product-type.bundle.unit-test";
		};
/* End PBXNativeTarget section */

/* Begin PBXProject section */
		422ABB461B106E1900D37276 /* Project object */ = {
			isa = PBXProject;
			attributes = {
				LastUpgradeCheck = 0510;
				ORGANIZATIONNAME = jiao;
				TargetAttributes = {
					422ABB6E1B106E1C00D37276 = {
						TestTargetID = 422ABB4D1B106E1A00D37276;
					};
				};
			};
			buildConfigurationList = 422ABB491B106E1900D37276 /* Build configuration list for PBXProject "NewCandySearch" */;
			compatibilityVersion = "Xcode 3.2";
			developmentRegion = English;
			hasScannedForEncodings = 0;
			knownRegions = (
				en,
				Base,
			);
			mainGroup = 422ABB451B106E1900D37276;
			productRefGroup = 422ABB4F1B106E1A00D37276 /* Products */;
			projectDirPath = "";
			projectRoot = "";
			targets = (
				422ABB4D1B106E1A00D37276 /* NewCandySearch */,
				422ABB6E1B106E1C00D37276 /* NewCandySearchTests */,
			);
		};
/* End PBXProject section */

/* Begin PBXResourcesBuildPhase section */
		422ABB4C1B106E1A00D37276 /* Resources */ = {
			isa = PBXResourcesBuildPhase;
			buildActionMask = 2147483647;
			files = (
				BFDD845C1B2134E40029A775 /* Images.xcassets in Resources */,
				422ABB5C1B106E1C00D37276 /* InfoPlist.strings in Resources */,
				422ABB651B106E1C00D37276 /* Main.storyboard in Resources */,
			);
			runOnlyForDeploymentPostprocessing = 0;
		};
		422ABB6D1B106E1C00D37276 /* Resources */ = {
			isa = PBXResourcesBuildPhase;
			buildActionMask = 2147483647;
			files = (
				422ABB7B1B106E1D00D37276 /* InfoPlist.strings in Resources */,
			);
			runOnlyForDeploymentPostprocessing = 0;
		};
/* End PBXResourcesBuildPhase section */

/* Begin PBXSourcesBuildPhase section */
		422ABB4A1B106E1A00D37276 /* Sources */ = {
			isa = PBXSourcesBuildPhase;
			buildActionMask = 2147483647;
			files = (
				BFDD84571B2134B70029A775 /* Course.m in Sources */,
				422ABB681B106E1C00D37276 /* ViewController.m in Sources */,
				BFDD845E1B21351E0029A775 /* SelfCell.m in Sources */,
				BFDD84591B2134CD0029A775 /* DetailViewController.m in Sources */,
				422ABB621B106E1C00D37276 /* AppDelegate.m in Sources */,
				422ABB5E1B106E1C00D37276 /* main.m in Sources */,
			);
			runOnlyForDeploymentPostprocessing = 0;
		};
		422ABB6B1B106E1C00D37276 /* Sources */ = {
			isa = PBXSourcesBuildPhase;
			buildActionMask = 2147483647;
			files = (
				422ABB7D1B106E1D00D37276 /* NewCandySearchTests.m in Sources */,
			);
			runOnlyForDeploymentPostprocessing = 0;
		};
/* End PBXSourcesBuildPhase section */

/* Begin PBXTargetDependency section */
		422ABB751B106E1C00D37276 /* PBXTargetDependency */ = {
			isa = PBXTargetDependency;
			target = 422ABB4D1B106E1A00D37276 /* NewCandySearch */;
			targetProxy = 422ABB741B106E1C00D37276 /* PBXContainerItemProxy */;
		};
/* End PBXTargetDependency section */

/* Begin PBXVariantGroup section */
		422ABB5A1B106E1C00D37276 /* InfoPlist.strings */ = {
			isa = PBXVariantGroup;
			children = (
				422ABB5B1B106E1C00D37276 /* en */,
			);
			name = InfoPlist.strings;
			sourceTree = "<group>";
		};
		422ABB631B106E1C00D37276 /* Main.storyboard */ = {
			isa = PBXVariantGroup;
			children = (
				422ABB641B106E1C00D37276 /* Base */,
			);
			name = Main.storyboard;
			sourceTree = "<group>";
		};
		422ABB791B106E1D00D37276 /* InfoPlist.strings */ = {
			isa = PBXVariantGroup;
			children = (
				422ABB7A1B106E1D00D37276 /* en */,
			);
			name = InfoPlist.strings;
			sourceTree = "<group>";
		};
/* End PBXVariantGroup section */

/* Begin XCBuildConfiguration section */
		422ABB7E1B106E1D00D37276 /* Debug */ = {
			isa = XCBuildConfiguration;
			buildSettings = {
				ALWAYS_SEARCH_USER_PATHS = NO;
				CLANG_CXX_LANGUAGE_STANDARD = "gnu++0x";
				CLANG_CXX_LIBRARY = "libc++";
				CLANG_ENABLE_MODULES = YES;
				CLANG_ENABLE_OBJC_ARC = YES;
				CLANG_WARN_BOOL_CONVERSION = YES;
				CLANG_WARN_CONSTANT_CONVERSION = YES;
				CLANG_WARN_DIRECT_OBJC_ISA_USAGE = YES_ERROR;
				CLANG_WARN_EMPTY_BODY = YES;
				CLANG_WARN_ENUM_CONVERSION = YES;
				CLANG_WARN_INT_CONVERSION = YES;
				CLANG_WARN_OBJC_ROOT_CLASS = YES_ERROR;
				CLANG_WARN__DUPLICATE_METHOD_MATCH = YES;
				"CODE_SIGN_IDENTITY[sdk=iphoneos*]" = "iPhone Developer";
				COPY_PHASE_STRIP = NO;
				GCC_C_LANGUAGE_STANDARD = gnu99;
				GCC_DYNAMIC_NO_PIC = NO;
				GCC_OPTIMIZATION_LEVEL = 0;
				GCC_PREPROCESSOR_DEFINITIONS = (
					"DEBUG=1",
					"$(inherited)",
				);
				GCC_SYMBOLS_PRIVATE_EXTERN = NO;
				GCC_WARN_64_TO_32_BIT_CONVERSION = YES;
				GCC_WARN_ABOUT_RETURN_TYPE = YES_ERROR;
				GCC_WARN_UNDECLARED_SELECTOR = YES;
				GCC_WARN_UNINITIALIZED_AUTOS = YES_AGGRESSIVE;
				GCC_WARN_UNUSED_FUNCTION = YES;
				GCC_WARN_UNUSED_VARIABLE = YES;
				IPHONEOS_DEPLOYMENT_TARGET = 7.1;
				ONLY_ACTIVE_ARCH = YES;
				SDKROOT = iphoneos;
			};
			name = Debug;
		};
		422ABB7F1B106E1D00D37276 /* Release */ = {
			isa = XCBuildConfiguration;
			buildSettings = {
				ALWAYS_SEARCH_USER_PATHS = NO;
				CLANG_CXX_LANGUAGE_STANDARD = "gnu++0x";
				CLANG_CXX_LIBRARY = "libc++";
				CLANG_ENABLE_MODULES = YES;
				CLANG_ENABLE_OBJC_ARC = YES;
				CLANG_WARN_BOOL_CONVERSION = YES;
				CLANG_WARN_CONSTANT_CONVERSION = YES;
				CLANG_WARN_DIRECT_OBJC_ISA_USAGE = YES_ERROR;
				CLANG_WARN_EMPTY_BODY = YES;
				CLANG_WARN_ENUM_CONVERSION = YES;
				CLANG_WARN_INT_CONVERSION = YES;
				CLANG_WARN_OBJC_ROOT_CLASS = YES_ERROR;
				CLANG_WARN__DUPLICATE_METHOD_MATCH = YES;
				"CODE_SIGN_IDENTITY[sdk=iphoneos*]" = "iPhone Developer";
				COPY_PHASE_STRIP = YES;
				ENABLE_NS_ASSERTIONS = NO;
				GCC_C_LANGUAGE_STANDARD = gnu99;
				GCC_WARN_64_TO_32_BIT_CONVERSION = YES;
				GCC_WARN_ABOUT_RETURN_TYPE = YES_ERROR;
				GCC_WARN_UNDECLARED_SELECTOR = YES;
				GCC_WARN_UNINITIALIZED_AUTOS = YES_AGGRESSIVE;
				GCC_WARN_UNUSED_FUNCTION = YES;
				GCC_WARN_UNUSED_VARIABLE = YES;
				IPHONEOS_DEPLOYMENT_TARGET = 7.1;
				SDKROOT = iphoneos;
				VALIDATE_PRODUCT = YES;
			};
			name = Release;
		};
		422ABB811B106E1D00D37276 /* Debug */ = {
			isa = XCBuildConfiguration;
			buildSettings = {
				ASSETCATALOG_COMPILER_APPICON_NAME = AppIcon;
				ASSETCATALOG_COMPILER_LAUNCHIMAGE_NAME = "LaunchImage-1";
				GCC_PRECOMPILE_PREFIX_HEADER = YES;
				GCC_PREFIX_HEADER = "NewCandySearch/NewCandySearch-Prefix.pch";
				INFOPLIST_FILE = "NewCandySearch/NewCandySearch-Info.plist";
				PRODUCT_NAME = "$(TARGET_NAME)";
				WRAPPER_EXTENSION = app;
			};
			name = Debug;
		};
		422ABB821B106E1D00D37276 /* Release */ = {
			isa = XCBuildConfiguration;
			buildSettings = {
				ASSETCATALOG_COMPILER_APPICON_NAME = AppIcon;
				ASSETCATALOG_COMPILER_LAUNCHIMAGE_NAME = "LaunchImage-1";
				GCC_PRECOMPILE_PREFIX_HEADER = YES;
				GCC_PREFIX_HEADER = "NewCandySearch/NewCandySearch-Prefix.pch";
				INFOPLIST_FILE = "NewCandySearch/NewCandySearch-Info.plist";
				PRODUCT_NAME = "$(TARGET_NAME)";
				WRAPPER_EXTENSION = app;
			};
			name = Release;
		};
		422ABB841B106E1D00D37276 /* Debug */ = {
			isa = XCBuildConfiguration;
			buildSettings = {
				BUNDLE_LOADER = "$(BUILT_PRODUCTS_DIR)/NewCandySearch.app/NewCandySearch";
				FRAMEWORK_SEARCH_PATHS = (
					"$(SDKROOT)/Developer/Library/Frameworks",
					"$(inherited)",
					"$(DEVELOPER_FRAMEWORKS_DIR)",
				);
				GCC_PRECOMPILE_PREFIX_HEADER = YES;
				GCC_PREFIX_HEADER = "NewCandySearch/NewCandySearch-Prefix.pch";
				GCC_PREPROCESSOR_DEFINITIONS = (
					"DEBUG=1",
					"$(inherited)",
				);
				INFOPLIST_FILE = "NewCandySearchTests/NewCandySearchTests-Info.plist";
				PRODUCT_NAME = "$(TARGET_NAME)";
				TEST_HOST = "$(BUNDLE_LOADER)";
				WRAPPER_EXTENSION = xctest;
			};
			name = Debug;
		};
		422ABB851B106E1D00D37276 /* Release */ = {
			isa = XCBuildConfiguration;
			buildSettings = {
				BUNDLE_LOADER = "$(BUILT_PRODUCTS_DIR)/NewCandySearch.app/NewCandySearch";
				FRAMEWORK_SEARCH_PATHS = (
					"$(SDKROOT)/Developer/Library/Frameworks",
					"$(inherited)",
					"$(DEVELOPER_FRAMEWORKS_DIR)",
				);
				GCC_PRECOMPILE_PREFIX_HEADER = YES;
				GCC_PREFIX_HEADER = "NewCandySearch/NewCandySearch-Prefix.pch";
				INFOPLIST_FILE = "NewCandySearchTests/NewCandySearchTests-Info.plist";
				PRODUCT_NAME = "$(TARGET_NAME)";
				TEST_HOST = "$(BUNDLE_LOADER)";
				WRAPPER_EXTENSION = xctest;
			};
			name = Release;
		};
/* End XCBuildConfiguration section */

/* Begin XCConfigurationList section */
		422ABB491B106E1900D37276 /* Build configuration list for PBXProject "NewCandySearch" */ = {
			isa = XCConfigurationList;
			buildConfigurations = (
				422ABB7E1B106E1D00D37276 /* Debug */,
				422ABB7F1B106E1D00D37276 /* Release */,
			);
			defaultConfigurationIsVisible = 0;
			defaultConfigurationName = Release;
		};
		422ABB801B106E1D00D37276 /* Build configuration list for PBXNativeTarget "NewCandySearch" */ = {
			isa = XCConfigurationList;
			buildConfigurations = (
				422ABB811B106E1D00D37276 /* Debug */,
				422ABB821B106E1D00D37276 /* Release */,
			);
			defaultConfigurationIsVisible = 0;
			defaultConfigurationName = Release;
		};
		422ABB831B106E1D00D37276 /* Build configuration list for PBXNativeTarget "NewCandySearchTests" */ = {
			isa = XCConfigurationList;
			buildConfigurations = (
				422ABB841B106E1D00D37276 /* Debug */,
				422ABB851B106E1D00D37276 /* Release */,
			);
			defaultConfigurationIsVisible = 0;
			defaultConfigurationName = Release;
		};
/* End XCConfigurationList section */
	};
	rootObject = 422ABB461B106E1900D37276 /* Project object */;
}
